
Microsoft Visual Studio Solution File, Format Version 12.00
# Visual Studio Version 17
VisualStudioVersion = 17.5.002.0
MinimumVisualStudioVersion = 10.0.40219.1
Project("{9A19103F-16F7-4668-BE54-9A1E7A4F7556}") = "1- Explorando Sintaxe e Tipos de Dados", "1- Explorando Sintaxe e Tipos de Dados.csproj", "{4DEC3FBF-3CC0-441B-A6B0-31099866D3F7}"
EndProject
Global
	GlobalSection(SolutionConfigurationPlatforms) = preSolution
		Debug|Any CPU = Debug|Any CPU
		Release|Any CPU = Release|Any CPU
	EndGlobalSection
	GlobalSection(ProjectConfigurationPlatforms) = postSolution
		{4DEC3FBF-3CC0-441B-A6B0-31099866D3F7}.Debug|Any CPU.ActiveCfg = Debug|Any CPU
		{4DEC3FBF-3CC0-441B-A6B0-31099866D3F7}.Debug|Any CPU.Build.0 = Debug|Any CPU
		{4DEC3FBF-3CC0-441B-A6B0-31099866D3F7}.Release|Any CPU.ActiveCfg = Release|Any CPU
		{4DEC3FBF-3CC0-441B-A6B0-31099866D3F7}.Release|Any CPU.Build.0 = Release|Any CPU
	EndGlobalSection
	GlobalSection(SolutionProperties) = preSolution
		HideSolutionNode = FALSE
	EndGlobalSection
	GlobalSection(ExtensibilityGlobals) = postSolution
		SolutionGuid = {CC100116-11A2-4866-9C3A-5E1D7FF85B85}
	EndGlobalSection
EndGlobal
