
Microsoft Visual Studio Solution File, Format Version 12.00
# Visual Studio Version 17
VisualStudioVersion = 17.5.002.0
MinimumVisualStudioVersion = 10.0.40219.1
Project("{9A19103F-16F7-4668-BE54-9A1E7A4F7556}") = "5- Manipulando Funções", "5- Manipulando Funções.csproj", "{F521E2C4-680E-4E20-AF00-B993C442428A}"
EndProject
Global
	GlobalSection(SolutionConfigurationPlatforms) = preSolution
		Debug|Any CPU = Debug|Any CPU
		Release|Any CPU = Release|Any CPU
	EndGlobalSection
	GlobalSection(ProjectConfigurationPlatforms) = postSolution
		{F521E2C4-680E-4E20-AF00-B993C442428A}.Debug|Any CPU.ActiveCfg = Debug|Any CPU
		{F521E2C4-680E-4E20-AF00-B993C442428A}.Debug|Any CPU.Build.0 = Debug|Any CPU
		{F521E2C4-680E-4E20-AF00-B993C442428A}.Release|Any CPU.ActiveCfg = Release|Any CPU
		{F521E2C4-680E-4E20-AF00-B993C442428A}.Release|Any CPU.Build.0 = Release|Any CPU
	EndGlobalSection
	GlobalSection(SolutionProperties) = preSolution
		HideSolutionNode = FALSE
	EndGlobalSection
	GlobalSection(ExtensibilityGlobals) = postSolution
		SolutionGuid = {A21BDE4B-9F87-4A80-80C6-6C76F5C8083F}
	EndGlobalSection
EndGlobal
