
Microsoft Visual Studio Solution File, Format Version 12.00
# Visual Studio Version 17
VisualStudioVersion = 17.5.002.0
MinimumVisualStudioVersion = 10.0.40219.1
Project("{9A19103F-16F7-4668-BE54-9A1E7A4F7556}") = "3- Desvendando o Controle de Fluxo", "3- Desvendando o Controle de Fluxo.csproj", "{3B232896-9D10-42B6-8FEB-5D620709D277}"
EndProject
Global
	GlobalSection(SolutionConfigurationPlatforms) = preSolution
		Debug|Any CPU = Debug|Any CPU
		Release|Any CPU = Release|Any CPU
	EndGlobalSection
	GlobalSection(ProjectConfigurationPlatforms) = postSolution
		{3B232896-9D10-42B6-8FEB-5D620709D277}.Debug|Any CPU.ActiveCfg = Debug|Any CPU
		{3B232896-9D10-42B6-8FEB-5D620709D277}.Debug|Any CPU.Build.0 = Debug|Any CPU
		{3B232896-9D10-42B6-8FEB-5D620709D277}.Release|Any CPU.ActiveCfg = Release|Any CPU
		{3B232896-9D10-42B6-8FEB-5D620709D277}.Release|Any CPU.Build.0 = Release|Any CPU
	EndGlobalSection
	GlobalSection(SolutionProperties) = preSolution
		HideSolutionNode = FALSE
	EndGlobalSection
	GlobalSection(ExtensibilityGlobals) = postSolution
		SolutionGuid = {136E8D2D-745C-4AC2-B0BF-CD0A3C6E2C1A}
	EndGlobalSection
EndGlobal
